%{
  "array": {:git, "https://github.com/jfacorro/elixir-array.git", "112dd36810bec4c069ebd1488fd915f2a703503a", []},
  "benchwarmer": {:hex, :benchwarmer, "0.0.2", "902e5c020608647b07c38b82103e4af6d2667dfd5d5d13c67382238de6943136", [:mix], [], "hexpm", "8b98b39c1c50df624f9c2d13ca953eeed465eed6feda975da26b479df2b4c9f5"},
}
